# This file is autogenerated, do not edit; changes may be undone by the next 'dep ensure'.


[[projects]]
  name = "github.com/renra/go-errtrace"
  packages = ["errtrace"]
  revision = "2e300f4351eebb9e8068ef7dab8361cac541affd"
  version = "v1.1.0"

[[projects]]
  name = "github.com/renra/go-json-http-handler"
  packages = ["jsonHttpHandler"]
  revision = "1fe8f8dfd77f007e62e7a3bd95a8841e9dadcf77"
  version = "v4.0.0"

[[projects]]
  name = "github.com/renra/go-logger"
  packages = ["logger"]
  revision = "489e38401b420e564136b91364fc98de3572690b"
  version = "v1.0.0"

[[projects]]
  name = "github.com/renra/go-pseudoglobals"
  packages = ["pseudoglobals"]
  revision = "543fe83e581a80da4cb65b55560221e521d7f95d"
  version = "v3.0.0"

[solve-meta]
  analyzer-name = "dep"
  analyzer-version = 1
  inputs-digest = "fbcd6d4092fffd2a75eb768ed9ed3213598e71f67ae46c7d93bc87ff3600a6e9"
  solver-name = "gps-cdcl"
  solver-version = 1
