# This file is autogenerated, do not edit; changes may be undone by the next 'dep ensure'.


[[projects]]
  name = "github.com/renra/go-errtrace"
  packages = ["errtrace"]
  revision = "2e300f4351eebb9e8068ef7dab8361cac541affd"
  version = "v1.1.0"

[[projects]]
  name = "github.com/renra/go-json-http-handler"
  packages = ["jsonHttpHandler"]
  revision = "efb38b463cb5a0bc7cd0ceea10b5dc9d38a45444"
  version = "v5.0.0"

[[projects]]
  name = "github.com/renra/go-logger"
  packages = ["logger"]
  revision = "489e38401b420e564136b91364fc98de3572690b"
  version = "v1.0.0"

[[projects]]
  name = "github.com/renra/go-pseudoglobals"
  packages = ["pseudoglobals"]
  revision = "543fe83e581a80da4cb65b55560221e521d7f95d"
  version = "v3.0.0"

[solve-meta]
  analyzer-name = "dep"
  analyzer-version = 1
  inputs-digest = "3ca0730d42b0609f63faad974e4f94a3f73ea3346c6476d06a09973023893188"
  solver-name = "gps-cdcl"
  solver-version = 1
