# This file is autogenerated, do not edit; changes may be undone by the next 'dep ensure'.


[[projects]]
  name = "github.com/go-errors/errors"
  packages = ["."]
  revision = "a6af135bd4e28680facf08a3d206b454abc877a4"
  version = "v1.0.1"

[[projects]]
  name = "github.com/renra/go-json-http-handler"
  packages = ["jsonHttpHandler"]
  revision = "8e2c6349ea2841544af697a41dcafd589f93b021"
  version = "v1.0.0"

[[projects]]
  name = "github.com/renra/go-logger"
  packages = ["logger"]
  revision = "489e38401b420e564136b91364fc98de3572690b"
  version = "v1.0.0"

[[projects]]
  name = "github.com/renra/go-pseudoglobals"
  packages = ["pseudoglobals"]
  revision = "2a0f9a66f5808cdd634aa8ea142409d43ad5d2d2"
  version = "v1.1.0"

[solve-meta]
  analyzer-name = "dep"
  analyzer-version = 1
  inputs-digest = "a822e22d61541ebd423e9e6452894c29dbac5b83ed4c194b28f39b23707ae626"
  solver-name = "gps-cdcl"
  solver-version = 1
